
Microsoft Visual Studio Solution File, Format Version 12.00
# Visual Studio Version 17
VisualStudioVersion = 17.5.002.0
MinimumVisualStudioVersion = 10.0.40219.1
Project("{2150E333-8FDC-42A3-9474-1A3956D46DE8}") = "2023", "2023", "{9C82337F-1827-441E-9880-6657118BC6A2}"
EndProject
Project("{9A19103F-16F7-4668-BE54-9A1E7A4F7556}") = "1", "2023\1\1.csproj", "{A6F51D1D-3CA7-4AE3-B6A5-47EAB66BED68}"
EndProject
Project("{FAE04EC0-301F-11D3-BF4B-00C04F79EFBC}") = "6", "2023\6\6.csproj", "{5E8BEA4E-509E-48D0-980F-9AE235DF8266}"
EndProject
Project("{FAE04EC0-301F-11D3-BF4B-00C04F79EFBC}") = "2", "2023\2\2.csproj", "{088D0F9F-6A53-4E11-9C7A-18DBF145EC6D}"
EndProject
Project("{FAE04EC0-301F-11D3-BF4B-00C04F79EFBC}") = "4", "2023\4\4.csproj", "{7AD9A371-5004-4E6E-8215-DA2A70A77CDE}"
EndProject
Project("{FAE04EC0-301F-11D3-BF4B-00C04F79EFBC}") = "5", "2023\5\5.csproj", "{D932A154-4C59-4E26-86C9-3BB228B0715C}"
EndProject
Project("{FAE04EC0-301F-11D3-BF4B-00C04F79EFBC}") = "3", "2023\3\3.csproj", "{2C8D4365-BE27-430B-BA71-DEC84503509A}"
EndProject
Project("{FAE04EC0-301F-11D3-BF4B-00C04F79EFBC}") = "7", "2023\7\7.csproj", "{5E754FC1-29F4-4094-8A97-A20926E08374}"
EndProject
Project("{FAE04EC0-301F-11D3-BF4B-00C04F79EFBC}") = "8", "2023\8\8.csproj", "{D662ABBA-AACC-4E0F-8B49-61E4A5C0D1FA}"
EndProject
Global
	GlobalSection(SolutionConfigurationPlatforms) = preSolution
		Debug|Any CPU = Debug|Any CPU
		Release|Any CPU = Release|Any CPU
	EndGlobalSection
	GlobalSection(ProjectConfigurationPlatforms) = postSolution
		{A6F51D1D-3CA7-4AE3-B6A5-47EAB66BED68}.Debug|Any CPU.ActiveCfg = Debug|Any CPU
		{A6F51D1D-3CA7-4AE3-B6A5-47EAB66BED68}.Debug|Any CPU.Build.0 = Debug|Any CPU
		{A6F51D1D-3CA7-4AE3-B6A5-47EAB66BED68}.Release|Any CPU.ActiveCfg = Release|Any CPU
		{A6F51D1D-3CA7-4AE3-B6A5-47EAB66BED68}.Release|Any CPU.Build.0 = Release|Any CPU
		{5E8BEA4E-509E-48D0-980F-9AE235DF8266}.Debug|Any CPU.ActiveCfg = Debug|Any CPU
		{5E8BEA4E-509E-48D0-980F-9AE235DF8266}.Debug|Any CPU.Build.0 = Debug|Any CPU
		{5E8BEA4E-509E-48D0-980F-9AE235DF8266}.Release|Any CPU.ActiveCfg = Release|Any CPU
		{5E8BEA4E-509E-48D0-980F-9AE235DF8266}.Release|Any CPU.Build.0 = Release|Any CPU
		{088D0F9F-6A53-4E11-9C7A-18DBF145EC6D}.Debug|Any CPU.ActiveCfg = Debug|Any CPU
		{088D0F9F-6A53-4E11-9C7A-18DBF145EC6D}.Debug|Any CPU.Build.0 = Debug|Any CPU
		{088D0F9F-6A53-4E11-9C7A-18DBF145EC6D}.Release|Any CPU.ActiveCfg = Release|Any CPU
		{088D0F9F-6A53-4E11-9C7A-18DBF145EC6D}.Release|Any CPU.Build.0 = Release|Any CPU
		{7AD9A371-5004-4E6E-8215-DA2A70A77CDE}.Debug|Any CPU.ActiveCfg = Debug|Any CPU
		{7AD9A371-5004-4E6E-8215-DA2A70A77CDE}.Debug|Any CPU.Build.0 = Debug|Any CPU
		{7AD9A371-5004-4E6E-8215-DA2A70A77CDE}.Release|Any CPU.ActiveCfg = Release|Any CPU
		{7AD9A371-5004-4E6E-8215-DA2A70A77CDE}.Release|Any CPU.Build.0 = Release|Any CPU
		{D932A154-4C59-4E26-86C9-3BB228B0715C}.Debug|Any CPU.ActiveCfg = Debug|Any CPU
		{D932A154-4C59-4E26-86C9-3BB228B0715C}.Debug|Any CPU.Build.0 = Debug|Any CPU
		{D932A154-4C59-4E26-86C9-3BB228B0715C}.Release|Any CPU.ActiveCfg = Release|Any CPU
		{D932A154-4C59-4E26-86C9-3BB228B0715C}.Release|Any CPU.Build.0 = Release|Any CPU
		{2C8D4365-BE27-430B-BA71-DEC84503509A}.Debug|Any CPU.ActiveCfg = Debug|Any CPU
		{2C8D4365-BE27-430B-BA71-DEC84503509A}.Debug|Any CPU.Build.0 = Debug|Any CPU
		{2C8D4365-BE27-430B-BA71-DEC84503509A}.Release|Any CPU.ActiveCfg = Release|Any CPU
		{2C8D4365-BE27-430B-BA71-DEC84503509A}.Release|Any CPU.Build.0 = Release|Any CPU
		{5E754FC1-29F4-4094-8A97-A20926E08374}.Debug|Any CPU.ActiveCfg = Debug|Any CPU
		{5E754FC1-29F4-4094-8A97-A20926E08374}.Debug|Any CPU.Build.0 = Debug|Any CPU
		{5E754FC1-29F4-4094-8A97-A20926E08374}.Release|Any CPU.ActiveCfg = Release|Any CPU
		{5E754FC1-29F4-4094-8A97-A20926E08374}.Release|Any CPU.Build.0 = Release|Any CPU
		{D662ABBA-AACC-4E0F-8B49-61E4A5C0D1FA}.Debug|Any CPU.ActiveCfg = Debug|Any CPU
		{D662ABBA-AACC-4E0F-8B49-61E4A5C0D1FA}.Debug|Any CPU.Build.0 = Debug|Any CPU
		{D662ABBA-AACC-4E0F-8B49-61E4A5C0D1FA}.Release|Any CPU.ActiveCfg = Release|Any CPU
		{D662ABBA-AACC-4E0F-8B49-61E4A5C0D1FA}.Release|Any CPU.Build.0 = Release|Any CPU
	EndGlobalSection
	GlobalSection(SolutionProperties) = preSolution
		HideSolutionNode = FALSE
	EndGlobalSection
	GlobalSection(NestedProjects) = preSolution
		{A6F51D1D-3CA7-4AE3-B6A5-47EAB66BED68} = {9C82337F-1827-441E-9880-6657118BC6A2}
		{5E8BEA4E-509E-48D0-980F-9AE235DF8266} = {9C82337F-1827-441E-9880-6657118BC6A2}
		{088D0F9F-6A53-4E11-9C7A-18DBF145EC6D} = {9C82337F-1827-441E-9880-6657118BC6A2}
		{7AD9A371-5004-4E6E-8215-DA2A70A77CDE} = {9C82337F-1827-441E-9880-6657118BC6A2}
		{D932A154-4C59-4E26-86C9-3BB228B0715C} = {9C82337F-1827-441E-9880-6657118BC6A2}
		{2C8D4365-BE27-430B-BA71-DEC84503509A} = {9C82337F-1827-441E-9880-6657118BC6A2}
		{5E754FC1-29F4-4094-8A97-A20926E08374} = {9C82337F-1827-441E-9880-6657118BC6A2}
		{D662ABBA-AACC-4E0F-8B49-61E4A5C0D1FA} = {9C82337F-1827-441E-9880-6657118BC6A2}
	EndGlobalSection
	GlobalSection(ExtensibilityGlobals) = postSolution
		SolutionGuid = {3F00074A-0BA8-4D10-8447-093257271558}
	EndGlobalSection
EndGlobal
