
Microsoft Visual Studio Solution File, Format Version 12.00
# Visual Studio Version 17
VisualStudioVersion = 17.5.002.0
MinimumVisualStudioVersion = 10.0.40219.1
Project("{2150E333-8FDC-42A3-9474-1A3956D46DE8}") = "2023", "2023", "{9C82337F-1827-441E-9880-6657118BC6A2}"
EndProject
Project("{9A19103F-16F7-4668-BE54-9A1E7A4F7556}") = "1", "2023\1\1.csproj", "{A6F51D1D-3CA7-4AE3-B6A5-47EAB66BED68}"
EndProject
Global
	GlobalSection(SolutionConfigurationPlatforms) = preSolution
		Debug|Any CPU = Debug|Any CPU
		Release|Any CPU = Release|Any CPU
	EndGlobalSection
	GlobalSection(ProjectConfigurationPlatforms) = postSolution
		{A6F51D1D-3CA7-4AE3-B6A5-47EAB66BED68}.Debug|Any CPU.ActiveCfg = Debug|Any CPU
		{A6F51D1D-3CA7-4AE3-B6A5-47EAB66BED68}.Debug|Any CPU.Build.0 = Debug|Any CPU
		{A6F51D1D-3CA7-4AE3-B6A5-47EAB66BED68}.Release|Any CPU.ActiveCfg = Release|Any CPU
		{A6F51D1D-3CA7-4AE3-B6A5-47EAB66BED68}.Release|Any CPU.Build.0 = Release|Any CPU
	EndGlobalSection
	GlobalSection(SolutionProperties) = preSolution
		HideSolutionNode = FALSE
	EndGlobalSection
	GlobalSection(NestedProjects) = preSolution
		{A6F51D1D-3CA7-4AE3-B6A5-47EAB66BED68} = {9C82337F-1827-441E-9880-6657118BC6A2}
	EndGlobalSection
	GlobalSection(ExtensibilityGlobals) = postSolution
		SolutionGuid = {3F00074A-0BA8-4D10-8447-093257271558}
	EndGlobalSection
EndGlobal
